
Microsoft Visual Studio Solution File, Format Version 12.00
# Visual Studio Version 17
VisualStudioVersion = 17.6.33829.357
MinimumVisualStudioVersion = 10.0.40219.1
Project("{FAE04EC0-301F-11D3-BF4B-00C04F79EFBC}") = "employeData", "employeData\employeData.csproj", "{042B369A-C058-40CD-AB28-F31911815AD5}"
EndProject
Global
	GlobalSection(SolutionConfigurationPlatforms) = preSolution
		Debug|Any CPU = Debug|Any CPU
		Release|Any CPU = Release|Any CPU
	EndGlobalSection
	GlobalSection(ProjectConfigurationPlatforms) = postSolution
		{042B369A-C058-40CD-AB28-F31911815AD5}.Debug|Any CPU.ActiveCfg = Debug|Any CPU
		{042B369A-C058-40CD-AB28-F31911815AD5}.Debug|Any CPU.Build.0 = Debug|Any CPU
		{042B369A-C058-40CD-AB28-F31911815AD5}.Release|Any CPU.ActiveCfg = Release|Any CPU
		{042B369A-C058-40CD-AB28-F31911815AD5}.Release|Any CPU.Build.0 = Release|Any CPU
	EndGlobalSection
	GlobalSection(SolutionProperties) = preSolution
		HideSolutionNode = FALSE
	EndGlobalSection
	GlobalSection(ExtensibilityGlobals) = postSolution
		SolutionGuid = {FC5A425F-6113-40B1-BF01-819C99C5532E}
	EndGlobalSection
EndGlobal
